
Microsoft Visual Studio Solution File, Format Version 12.00
# Visual Studio Version 16
VisualStudioVersion = 16.0.29209.62
MinimumVisualStudioVersion = 10.0.40219.1
Project("{FAE04EC0-301F-11D3-BF4B-00C04F79EFBC}") = "WebApplication1", "WebApplication1\WebApplication1.csproj", "{28A949A8-5E86-4194-8D93-A8A3ED38EE14}"
EndProject
Global
	GlobalSection(SolutionConfigurationPlatforms) = preSolution
		Debug|Any CPU = Debug|Any CPU
		Release|Any CPU = Release|Any CPU
	EndGlobalSection
	GlobalSection(ProjectConfigurationPlatforms) = postSolution
		{28A949A8-5E86-4194-8D93-A8A3ED38EE14}.Debug|Any CPU.ActiveCfg = Debug|Any CPU
		{28A949A8-5E86-4194-8D93-A8A3ED38EE14}.Debug|Any CPU.Build.0 = Debug|Any CPU
		{28A949A8-5E86-4194-8D93-A8A3ED38EE14}.Release|Any CPU.ActiveCfg = Release|Any CPU
		{28A949A8-5E86-4194-8D93-A8A3ED38EE14}.Release|Any CPU.Build.0 = Release|Any CPU
	EndGlobalSection
	GlobalSection(SolutionProperties) = preSolution
		HideSolutionNode = FALSE
	EndGlobalSection
	GlobalSection(ExtensibilityGlobals) = postSolution
		SolutionGuid = {DB25C390-FFD7-4026-ADA9-12072643C45F}
	EndGlobalSection
EndGlobal
